// !$*UTF8*$!
{
	archiveVersion = 1;
	classes = {
	};
	objectVersion = 50;
	objects = {

/* Begin PBXBuildFile section */
		CF0AF98B213DABD400688B21 /* AppDelegate.swift in Sources */ = {isa = PBXBuildFile; fileRef = CF0AF98A213DABD400688B21 /* AppDelegate.swift */; };
		CF0AF98D213DABD400688B21 /* ViewController.swift in Sources */ = {isa = PBXBuildFile; fileRef = CF0AF98C213DABD400688B21 /* ViewController.swift */; };
		CF0AF990213DABD400688B21 /* Main.storyboard in Resources */ = {isa = PBXBuildFile; fileRef = CF0AF98E213DABD400688B21 /* Main.storyboard */; };
		CF0AF992213DABD600688B21 /* Assets.xcassets in Resources */ = {isa = PBXBuildFile; fileRef = CF0AF991213DABD600688B21 /* Assets.xcassets */; };
		CF0AF995213DABD600688B21 /* LaunchScreen.storyboard in Resources */ = {isa = PBXBuildFile; fileRef = CF0AF993213DABD600688B21 /* LaunchScreen.storyboard */; };
		CF0AF9A0213DABD600688B21 /* pruebasMapasTests.swift in Sources */ = {isa = PBXBuildFile; fileRef = CF0AF99F213DABD600688B21 /* pruebasMapasTests.swift */; };
		CF0AF9AB213DABD600688B21 /* pruebasMapasUITests.swift in Sources */ = {isa = PBXBuildFile; fileRef = CF0AF9AA213DABD600688B21 /* pruebasMapasUITests.swift */; };
/* End PBXBuildFile section */

/* Begin PBXContainerItemProxy section */
		CF0AF99C213DABD600688B21 /* PBXContainerItemProxy */ = {
			isa = PBXContainerItemProxy;
			containerPortal = CF0AF97F213DABD400688B21 /* Project object */;
			proxyType = 1;
			remoteGlobalIDString = CF0AF986213DABD400688B21;
			remoteInfo = pruebasMapas;
		};
		CF0AF9A7213DABD600688B21 /* PBXContainerItemProxy */ = {
			isa = PBXContainerItemProxy;
			containerPortal = CF0AF97F213DABD400688B21 /* Project object */;
			proxyType = 1;
			remoteGlobalIDString = CF0AF986213DABD400688B21;
			remoteInfo = pruebasMapas;
		};
/* End PBXContainerItemProxy section */

/* Begin PBXFileReference section */
		CF0AF987213DABD400688B21 /* pruebasMapas.app */ = {isa = PBXFileReference; explicitFileType = wrapper.application; includeInIndex = 0; path = pruebasMapas.app; sourceTree = BUILT_PRODUCTS_DIR; };
		CF0AF98A213DABD400688B21 /* AppDelegate.swift */ = {isa = PBXFileReference; lastKnownFileType = sourcecode.swift; path = AppDelegate.swift; sourceTree = "<group>"; };
		CF0AF98C213DABD400688B21 /* ViewController.swift */ = {isa = PBXFileReference; lastKnownFileType = sourcecode.swift; path = ViewController.swift; sourceTree = "<group>"; };
		CF0AF98F213DABD400688B21 /* Base */ = {isa = PBXFileReference; lastKnownFileType = file.storyboard; name = Base; path = Base.lproj/Main.storyboard; sourceTree = "<group>"; };
		CF0AF991213DABD600688B21 /* Assets.xcassets */ = {isa = PBXFileReference; lastKnownFileType = folder.assetcatalog; path = Assets.xcassets; sourceTree = "<group>"; };
		CF0AF994213DABD600688B21 /* Base */ = {isa = PBXFileReference; lastKnownFileType = file.storyboard; name = Base; path = Base.lproj/LaunchScreen.storyboard; sourceTree = "<group>"; };
		CF0AF996213DABD600688B21 /* Info.plist */ = {isa = PBXFileReference; lastKnownFileType = text.plist.xml; path = Info.plist; sourceTree = "<group>"; };
		CF0AF99B213DABD600688B21 /* pruebasMapasTests.xctest */ = {isa = PBXFileReference; explicitFileType = wrapper.cfbundle; includeInIndex = 0; path = pruebasMapasTests.xctest; sourceTree = BUILT_PRODUCTS_DIR; };
		CF0AF99F213DABD600688B21 /* pruebasMapasTests.swift */ = {isa = PBXFileReference; lastKnownFileType = sourcecode.swift; path = pruebasMapasTests.swift; sourceTree = "<group>"; };
		CF0AF9A1213DABD600688B21 /* Info.plist */ = {isa = PBXFileReference; lastKnownFileType = text.plist.xml; path = Info.plist; sourceTree = "<group>"; };
		CF0AF9A6213DABD600688B21 /* pruebasMapasUITests.xctest */ = {isa = PBXFileReference; explicitFileType = wrapper.cfbundle; includeInIndex = 0; path = pruebasMapasUITests.xctest; sourceTree = BUILT_PRODUCTS_DIR; };
		CF0AF9AA213DABD600688B21 /* pruebasMapasUITests.swift */ = {isa = PBXFileReference; lastKnownFileType = sourcecode.swift; path = pruebasMapasUITests.swift; sourceTree = "<group>"; };
		CF0AF9AC213DABD600688B21 /* Info.plist */ = {isa = PBXFileReference; lastKnownFileType = text.plist.xml; path = Info.plist; sourceTree = "<group>"; };
/* End PBXFileReference section */

/* Begin PBXFrameworksBuildPhase section */
		CF0AF984213DABD400688B21 /* Frameworks */ = {
			isa = PBXFrameworksBuildPhase;
			buildActionMask = 2147483647;
			files = (
			);
			runOnlyForDeploymentPostprocessing = 0;
		};
		CF0AF998213DABD600688B21 /* Frameworks */ = {
			isa = PBXFrameworksBuildPhase;
			buildActionMask = 2147483647;
			files = (
			);
			runOnlyForDeploymentPostprocessing = 0;
		};
		CF0AF9A3213DABD600688B21 /* Frameworks */ = {
			isa = PBXFrameworksBuildPhase;
			buildActionMask = 2147483647;
			files = (
			);
			runOnlyForDeploymentPostprocessing = 0;
		};
/* End PBXFrameworksBuildPhase section */

/* Begin PBXGroup section */
		CF0AF97E213DABD400688B21 = {
			isa = PBXGroup;
			children = (
				CF0AF989213DABD400688B21 /* pruebasMapas */,
				CF0AF99E213DABD600688B21 /* pruebasMapasTests */,
				CF0AF9A9213DABD600688B21 /* pruebasMapasUITests */,
				CF0AF988213DABD400688B21 /* Products */,
			);
			sourceTree = "<group>";
		};
		CF0AF988213DABD400688B21 /* Products */ = {
			isa = PBXGroup;
			children = (
				CF0AF987213DABD400688B21 /* pruebasMapas.app */,
				CF0AF99B213DABD600688B21 /* pruebasMapasTests.xctest */,
				CF0AF9A6213DABD600688B21 /* pruebasMapasUITests.xctest */,
			);
			name = Products;
			sourceTree = "<group>";
		};
		CF0AF989213DABD400688B21 /* pruebasMapas */ = {
			isa = PBXGroup;
			children = (
				CF0AF98A213DABD400688B21 /* AppDelegate.swift */,
				CF0AF98C213DABD400688B21 /* ViewController.swift */,
				CF0AF98E213DABD400688B21 /* Main.storyboard */,
				CF0AF991213DABD600688B21 /* Assets.xcassets */,
				CF0AF993213DABD600688B21 /* LaunchScreen.storyboard */,
				CF0AF996213DABD600688B21 /* Info.plist */,
			);
			path = pruebasMapas;
			sourceTree = "<group>";
		};
		CF0AF99E213DABD600688B21 /* pruebasMapasTests */ = {
			isa = PBXGroup;
			children = (
				CF0AF99F213DABD600688B21 /* pruebasMapasTests.swift */,
				CF0AF9A1213DABD600688B21 /* Info.plist */,
			);
			path = pruebasMapasTests;
			sourceTree = "<group>";
		};
		CF0AF9A9213DABD600688B21 /* pruebasMapasUITests */ = {
			isa = PBXGroup;
			children = (
				CF0AF9AA213DABD600688B21 /* pruebasMapasUITests.swift */,
				CF0AF9AC213DABD600688B21 /* Info.plist */,
			);
			path = pruebasMapasUITests;
			sourceTree = "<group>";
		};
/* End PBXGroup section */

/* Begin PBXNativeTarget section */
		CF0AF986213DABD400688B21 /* pruebasMapas */ = {
			isa = PBXNativeTarget;
			buildConfigurationList = CF0AF9AF213DABD600688B21 /* Build configuration list for PBXNativeTarget "pruebasMapas" */;
			buildPhases = (
				CF0AF983213DABD400688B21 /* Sources */,
				CF0AF984213DABD400688B21 /* Frameworks */,
				CF0AF985213DABD400688B21 /* Resources */,
			);
			buildRules = (
			);
			dependencies = (
			);
			name = pruebasMapas;
			productName = pruebasMapas;
			productReference = CF0AF987213DABD400688B21 /* pruebasMapas.app */;
			productType = "com.apple.product-type.application";
		};
		CF0AF99A213DABD600688B21 /* pruebasMapasTests */ = {
			isa = PBXNativeTarget;
			buildConfigurationList = CF0AF9B2213DABD600688B21 /* Build configuration list for PBXNativeTarget "pruebasMapasTests" */;
			buildPhases = (
				CF0AF997213DABD600688B21 /* Sources */,
				CF0AF998213DABD600688B21 /* Frameworks */,
				CF0AF999213DABD600688B21 /* Resources */,
			);
			buildRules = (
			);
			dependencies = (
				CF0AF99D213DABD600688B21 /* PBXTargetDependency */,
			);
			name = pruebasMapasTests;
			productName = pruebasMapasTests;
			productReference = CF0AF99B213DABD600688B21 /* pruebasMapasTests.xctest */;
			productType = "com.apple.product-type.bundle.unit-test";
		};
		CF0AF9A5213DABD600688B21 /* pruebasMapasUITests */ = {
			isa = PBXNativeTarget;
			buildConfigurationList = CF0AF9B5213DABD600688B21 /* Build configuration list for PBXNativeTarget "pruebasMapasUITests" */;
			buildPhases = (
				CF0AF9A2213DABD600688B21 /* Sources */,
				CF0AF9A3213DABD600688B21 /* Frameworks */,
				CF0AF9A4213DABD600688B21 /* Resources */,
			);
			buildRules = (
			);
			dependencies = (
				CF0AF9A8213DABD600688B21 /* PBXTargetDependency */,
			);
			name = pruebasMapasUITests;
			productName = pruebasMapasUITests;
			productReference = CF0AF9A6213DABD600688B21 /* pruebasMapasUITests.xctest */;
			productType = "com.apple.product-type.bundle.ui-testing";
		};
/* End PBXNativeTarget section */

/* Begin PBXProject section */
		CF0AF97F213DABD400688B21 /* Project object */ = {
			isa = PBXProject;
			attributes = {
				LastSwiftUpdateCheck = 0940;
				LastUpgradeCheck = 0940;
				ORGANIZATIONNAME = erickArciniega;
				TargetAttributes = {
					CF0AF986213DABD400688B21 = {
						CreatedOnToolsVersion = 9.4.1;
					};
					CF0AF99A213DABD600688B21 = {
						CreatedOnToolsVersion = 9.4.1;
						TestTargetID = CF0AF986213DABD400688B21;
					};
					CF0AF9A5213DABD600688B21 = {
						CreatedOnToolsVersion = 9.4.1;
						TestTargetID = CF0AF986213DABD400688B21;
					};
				};
			};
			buildConfigurationList = CF0AF982213DABD400688B21 /* Build configuration list for PBXProject "pruebasMapas" */;
			compatibilityVersion = "Xcode 9.3";
			developmentRegion = en;
			hasScannedForEncodings = 0;
			knownRegions = (
				en,
				Base,
			);
			mainGroup = CF0AF97E213DABD400688B21;
			productRefGroup = CF0AF988213DABD400688B21 /* Products */;
			projectDirPath = "";
			projectRoot = "";
			targets = (
				CF0AF986213DABD400688B21 /* pruebasMapas */,
				CF0AF99A213DABD600688B21 /* pruebasMapasTests */,
				CF0AF9A5213DABD600688B21 /* pruebasMapasUITests */,
			);
		};
/* End PBXProject section */

/* Begin PBXResourcesBuildPhase section */
		CF0AF985213DABD400688B21 /* Resources */ = {
			isa = PBXResourcesBuildPhase;
			buildActionMask = 2147483647;
			files = (
				CF0AF995213DABD600688B21 /* LaunchScreen.storyboard in Resources */,
				CF0AF992213DABD600688B21 /* Assets.xcassets in Resources */,
				CF0AF990213DABD400688B21 /* Main.storyboard in Resources */,
			);
			runOnlyForDeploymentPostprocessing = 0;
		};
		CF0AF999213DABD600688B21 /* Resources */ = {
			isa = PBXResourcesBuildPhase;
			buildActionMask = 2147483647;
			files = (
			);
			runOnlyForDeploymentPostprocessing = 0;
		};
		CF0AF9A4213DABD600688B21 /* Resources */ = {
			isa = PBXResourcesBuildPhase;
			buildActionMask = 2147483647;
			files = (
			);
			runOnlyForDeploymentPostprocessing = 0;
		};
/* End PBXResourcesBuildPhase section */

/* Begin PBXSourcesBuildPhase section */
		CF0AF983213DABD400688B21 /* Sources */ = {
			isa = PBXSourcesBuildPhase;
			buildActionMask = 2147483647;
			files = (
				CF0AF98D213DABD400688B21 /* ViewController.swift in Sources */,
				CF0AF98B213DABD400688B21 /* AppDelegate.swift in Sources */,
			);
			runOnlyForDeploymentPostprocessing = 0;
		};
		CF0AF997213DABD600688B21 /* Sources */ = {
			isa = PBXSourcesBuildPhase;
			buildActionMask = 2147483647;
			files = (
				CF0AF9A0213DABD600688B21 /* pruebasMapasTests.swift in Sources */,
			);
			runOnlyForDeploymentPostprocessing = 0;
		};
		CF0AF9A2213DABD600688B21 /* Sources */ = {
			isa = PBXSourcesBuildPhase;
			buildActionMask = 2147483647;
			files = (
				CF0AF9AB213DABD600688B21 /* pruebasMapasUITests.swift in Sources */,
			);
			runOnlyForDeploymentPostprocessing = 0;
		};
/* End PBXSourcesBuildPhase section */

/* Begin PBXTargetDependency section */
		CF0AF99D213DABD600688B21 /* PBXTargetDependency */ = {
			isa = PBXTargetDependency;
			target = CF0AF986213DABD400688B21 /* pruebasMapas */;
			targetProxy = CF0AF99C213DABD600688B21 /* PBXContainerItemProxy */;
		};
		CF0AF9A8213DABD600688B21 /* PBXTargetDependency */ = {
			isa = PBXTargetDependency;
			target = CF0AF986213DABD400688B21 /* pruebasMapas */;
			targetProxy = CF0AF9A7213DABD600688B21 /* PBXContainerItemProxy */;
		};
/* End PBXTargetDependency section */

/* Begin PBXVariantGroup section */
		CF0AF98E213DABD400688B21 /* Main.storyboard */ = {
			isa = PBXVariantGroup;
			children = (
				CF0AF98F213DABD400688B21 /* Base */,
			);
			name = Main.storyboard;
			sourceTree = "<group>";
		};
		CF0AF993213DABD600688B21 /* LaunchScreen.storyboard */ = {
			isa = PBXVariantGroup;
			children = (
				CF0AF994213DABD600688B21 /* Base */,
			);
			name = LaunchScreen.storyboard;
			sourceTree = "<group>";
		};
/* End PBXVariantGroup section */

/* Begin XCBuildConfiguration section */
		CF0AF9AD213DABD600688B21 /* Debug */ = {
			isa = XCBuildConfiguration;
			buildSettings = {
				ALWAYS_SEARCH_USER_PATHS = NO;
				CLANG_ANALYZER_NONNULL = YES;
				CLANG_ANALYZER_NUMBER_OBJECT_CONVERSION = YES_AGGRESSIVE;
				CLANG_CXX_LANGUAGE_STANDARD = "gnu++14";
				CLANG_CXX_LIBRARY = "libc++";
				CLANG_ENABLE_MODULES = YES;
				CLANG_ENABLE_OBJC_ARC = YES;
				CLANG_ENABLE_OBJC_WEAK = YES;
				CLANG_WARN_BLOCK_CAPTURE_AUTORELEASING = YES;
				CLANG_WARN_BOOL_CONVERSION = YES;
				CLANG_WARN_COMMA = YES;
				CLANG_WARN_CONSTANT_CONVERSION = YES;
				CLANG_WARN_DEPRECATED_OBJC_IMPLEMENTATIONS = YES;
				CLANG_WARN_DIRECT_OBJC_ISA_USAGE = YES_ERROR;
				CLANG_WARN_DOCUMENTATION_COMMENTS = YES;
				CLANG_WARN_EMPTY_BODY = YES;
				CLANG_WARN_ENUM_CONVERSION = YES;
				CLANG_WARN_INFINITE_RECURSION = YES;
				CLANG_WARN_INT_CONVERSION = YES;
				CLANG_WARN_NON_LITERAL_NULL_CONVERSION = YES;
				CLANG_WARN_OBJC_IMPLICIT_RETAIN_SELF = YES;
				CLANG_WARN_OBJC_LITERAL_CONVERSION = YES;
				CLANG_WARN_OBJC_ROOT_CLASS = YES_ERROR;
				CLANG_WARN_RANGE_LOOP_ANALYSIS = YES;
				CLANG_WARN_STRICT_PROTOTYPES = YES;
				CLANG_WARN_SUSPICIOUS_MOVE = YES;
				CLANG_WARN_UNGUARDED_AVAILABILITY = YES_AGGRESSIVE;
				CLANG_WARN_UNREACHABLE_CODE = YES;
				CLANG_WARN__DUPLICATE_METHOD_MATCH = YES;
				CODE_SIGN_IDENTITY = "iPhone Developer";
				COPY_PHASE_STRIP = NO;
				DEBUG_INFORMATION_FORMAT = dwarf;
				ENABLE_STRICT_OBJC_MSGSEND = YES;
				ENABLE_TESTABILITY = YES;
				GCC_C_LANGUAGE_STANDARD = gnu11;
				GCC_DYNAMIC_NO_PIC = NO;
				GCC_NO_COMMON_BLOCKS = YES;
				GCC_OPTIMIZATION_LEVEL = 0;
				GCC_PREPROCESSOR_DEFINITIONS = (
					"DEBUG=1",
					"$(inherited)",
				);
				GCC_WARN_64_TO_32_BIT_CONVERSION = YES;
				GCC_WARN_ABOUT_RETURN_TYPE = YES_ERROR;
				GCC_WARN_UNDECLARED_SELECTOR = YES;
				GCC_WARN_UNINITIALIZED_AUTOS = YES_AGGRESSIVE;
				GCC_WARN_UNUSED_FUNCTION = YES;
				GCC_WARN_UNUSED_VARIABLE = YES;
				IPHONEOS_DEPLOYMENT_TARGET = 11.4;
				MTL_ENABLE_DEBUG_INFO = YES;
				ONLY_ACTIVE_ARCH = YES;
				SDKROOT = iphoneos;
				SWIFT_ACTIVE_COMPILATION_CONDITIONS = DEBUG;
				SWIFT_OPTIMIZATION_LEVEL = "-Onone";
			};
			name = Debug;
		};
		CF0AF9AE213DABD600688B21 /* Release */ = {
			isa = XCBuildConfiguration;
			buildSettings = {
				ALWAYS_SEARCH_USER_PATHS = NO;
				CLANG_ANALYZER_NONNULL = YES;
				CLANG_ANALYZER_NUMBER_OBJECT_CONVERSION = YES_AGGRESSIVE;
				CLANG_CXX_LANGUAGE_STANDARD = "gnu++14";
				CLANG_CXX_LIBRARY = "libc++";
				CLANG_ENABLE_MODULES = YES;
				CLANG_ENABLE_OBJC_ARC = YES;
				CLANG_ENABLE_OBJC_WEAK = YES;
				CLANG_WARN_BLOCK_CAPTURE_AUTORELEASING = YES;
				CLANG_WARN_BOOL_CONVERSION = YES;
				CLANG_WARN_COMMA = YES;
				CLANG_WARN_CONSTANT_CONVERSION = YES;
				CLANG_WARN_DEPRECATED_OBJC_IMPLEMENTATIONS = YES;
				CLANG_WARN_DIRECT_OBJC_ISA_USAGE = YES_ERROR;
				CLANG_WARN_DOCUMENTATION_COMMENTS = YES;
				CLANG_WARN_EMPTY_BODY = YES;
				CLANG_WARN_ENUM_CONVERSION = YES;
				CLANG_WARN_INFINITE_RECURSION = YES;
				CLANG_WARN_INT_CONVERSION = YES;
				CLANG_WARN_NON_LITERAL_NULL_CONVERSION = YES;
				CLANG_WARN_OBJC_IMPLICIT_RETAIN_SELF = YES;
				CLANG_WARN_OBJC_LITERAL_CONVERSION = YES;
				CLANG_WARN_OBJC_ROOT_CLASS = YES_ERROR;
				CLANG_WARN_RANGE_LOOP_ANALYSIS = YES;
				CLANG_WARN_STRICT_PROTOTYPES = YES;
				CLANG_WARN_SUSPICIOUS_MOVE = YES;
				CLANG_WARN_UNGUARDED_AVAILABILITY = YES_AGGRESSIVE;
				CLANG_WARN_UNREACHABLE_CODE = YES;
				CLANG_WARN__DUPLICATE_METHOD_MATCH = YES;
				CODE_SIGN_IDENTITY = "iPhone Developer";
				COPY_PHASE_STRIP = NO;
				DEBUG_INFORMATION_FORMAT = "dwarf-with-dsym";
				ENABLE_NS_ASSERTIONS = NO;
				ENABLE_STRICT_OBJC_MSGSEND = YES;
				GCC_C_LANGUAGE_STANDARD = gnu11;
				GCC_NO_COMMON_BLOCKS = YES;
				GCC_WARN_64_TO_32_BIT_CONVERSION = YES;
				GCC_WARN_ABOUT_RETURN_TYPE = YES_ERROR;
				GCC_WARN_UNDECLARED_SELECTOR = YES;
				GCC_WARN_UNINITIALIZED_AUTOS = YES_AGGRESSIVE;
				GCC_WARN_UNUSED_FUNCTION = YES;
				GCC_WARN_UNUSED_VARIABLE = YES;
				IPHONEOS_DEPLOYMENT_TARGET = 11.4;
				MTL_ENABLE_DEBUG_INFO = NO;
				SDKROOT = iphoneos;
				SWIFT_COMPILATION_MODE = wholemodule;
				SWIFT_OPTIMIZATION_LEVEL = "-O";
				VALIDATE_PRODUCT = YES;
			};
			name = Release;
		};
		CF0AF9B0213DABD600688B21 /* Debug */ = {
			isa = XCBuildConfiguration;
			buildSettings = {
				ASSETCATALOG_COMPILER_APPICON_NAME = AppIcon;
				CODE_SIGN_STYLE = Automatic;
				DEVELOPMENT_TEAM = 6558597TQ2;
				INFOPLIST_FILE = pruebasMapas/Info.plist;
				LD_RUNPATH_SEARCH_PATHS = (
					"$(inherited)",
					"@executable_path/Frameworks",
				);
				PRODUCT_BUNDLE_IDENTIFIER = com.yevaz.pruebasMapas;
				PRODUCT_NAME = "$(TARGET_NAME)";
				SWIFT_VERSION = 4.0;
				TARGETED_DEVICE_FAMILY = "1,2";
			};
			name = Debug;
		};
		CF0AF9B1213DABD600688B21 /* Release */ = {
			isa = XCBuildConfiguration;
			buildSettings = {
				ASSETCATALOG_COMPILER_APPICON_NAME = AppIcon;
				CODE_SIGN_STYLE = Automatic;
				DEVELOPMENT_TEAM = 6558597TQ2;
				INFOPLIST_FILE = pruebasMapas/Info.plist;
				LD_RUNPATH_SEARCH_PATHS = (
					"$(inherited)",
					"@executable_path/Frameworks",
				);
				PRODUCT_BUNDLE_IDENTIFIER = com.yevaz.pruebasMapas;
				PRODUCT_NAME = "$(TARGET_NAME)";
				SWIFT_VERSION = 4.0;
				TARGETED_DEVICE_FAMILY = "1,2";
			};
			name = Release;
		};
		CF0AF9B3213DABD600688B21 /* Debug */ = {
			isa = XCBuildConfiguration;
			buildSettings = {
				ALWAYS_EMBED_SWIFT_STANDARD_LIBRARIES = YES;
				BUNDLE_LOADER = "$(TEST_HOST)";
				CODE_SIGN_STYLE = Automatic;
				DEVELOPMENT_TEAM = 6558597TQ2;
				INFOPLIST_FILE = pruebasMapasTests/Info.plist;
				LD_RUNPATH_SEARCH_PATHS = (
					"$(inherited)",
					"@executable_path/Frameworks",
					"@loader_path/Frameworks",
				);
				PRODUCT_BUNDLE_IDENTIFIER = com.yevaz.pruebasMapasTests;
				PRODUCT_NAME = "$(TARGET_NAME)";
				SWIFT_VERSION = 4.0;
				TARGETED_DEVICE_FAMILY = "1,2";
				TEST_HOST = "$(BUILT_PRODUCTS_DIR)/pruebasMapas.app/pruebasMapas";
			};
			name = Debug;
		};
		CF0AF9B4213DABD600688B21 /* Release */ = {
			isa = XCBuildConfiguration;
			buildSettings = {
				ALWAYS_EMBED_SWIFT_STANDARD_LIBRARIES = YES;
				BUNDLE_LOADER = "$(TEST_HOST)";
				CODE_SIGN_STYLE = Automatic;
				DEVELOPMENT_TEAM = 6558597TQ2;
				INFOPLIST_FILE = pruebasMapasTests/Info.plist;
				LD_RUNPATH_SEARCH_PATHS = (
					"$(inherited)",
					"@executable_path/Frameworks",
					"@loader_path/Frameworks",
				);
				PRODUCT_BUNDLE_IDENTIFIER = com.yevaz.pruebasMapasTests;
				PRODUCT_NAME = "$(TARGET_NAME)";
				SWIFT_VERSION = 4.0;
				TARGETED_DEVICE_FAMILY = "1,2";
				TEST_HOST = "$(BUILT_PRODUCTS_DIR)/pruebasMapas.app/pruebasMapas";
			};
			name = Release;
		};
		CF0AF9B6213DABD600688B21 /* Debug */ = {
			isa = XCBuildConfiguration;
			buildSettings = {
				ALWAYS_EMBED_SWIFT_STANDARD_LIBRARIES = YES;
				CODE_SIGN_STYLE = Automatic;
				DEVELOPMENT_TEAM = 6558597TQ2;
				INFOPLIST_FILE = pruebasMapasUITests/Info.plist;
				LD_RUNPATH_SEARCH_PATHS = (
					"$(inherited)",
					"@executable_path/Frameworks",
					"@loader_path/Frameworks",
				);
				PRODUCT_BUNDLE_IDENTIFIER = com.yevaz.pruebasMapasUITests;
				PRODUCT_NAME = "$(TARGET_NAME)";
				SWIFT_VERSION = 4.0;
				TARGETED_DEVICE_FAMILY = "1,2";
				TEST_TARGET_NAME = pruebasMapas;
			};
			name = Debug;
		};
		CF0AF9B7213DABD600688B21 /* Release */ = {
			isa = XCBuildConfiguration;
			buildSettings = {
				ALWAYS_EMBED_SWIFT_STANDARD_LIBRARIES = YES;
				CODE_SIGN_STYLE = Automatic;
				DEVELOPMENT_TEAM = 6558597TQ2;
				INFOPLIST_FILE = pruebasMapasUITests/Info.plist;
				LD_RUNPATH_SEARCH_PATHS = (
					"$(inherited)",
					"@executable_path/Frameworks",
					"@loader_path/Frameworks",
				);
				PRODUCT_BUNDLE_IDENTIFIER = com.yevaz.pruebasMapasUITests;
				PRODUCT_NAME = "$(TARGET_NAME)";
				SWIFT_VERSION = 4.0;
				TARGETED_DEVICE_FAMILY = "1,2";
				TEST_TARGET_NAME = pruebasMapas;
			};
			name = Release;
		};
/* End XCBuildConfiguration section */

/* Begin XCConfigurationList section */
		CF0AF982213DABD400688B21 /* Build configuration list for PBXProject "pruebasMapas" */ = {
			isa = XCConfigurationList;
			buildConfigurations = (
				CF0AF9AD213DABD600688B21 /* Debug */,
				CF0AF9AE213DABD600688B21 /* Release */,
			);
			defaultConfigurationIsVisible = 0;
			defaultConfigurationName = Release;
		};
		CF0AF9AF213DABD600688B21 /* Build configuration list for PBXNativeTarget "pruebasMapas" */ = {
			isa = XCConfigurationList;
			buildConfigurations = (
				CF0AF9B0213DABD600688B21 /* Debug */,
				CF0AF9B1213DABD600688B21 /* Release */,
			);
			defaultConfigurationIsVisible = 0;
			defaultConfigurationName = Release;
		};
		CF0AF9B2213DABD600688B21 /* Build configuration list for PBXNativeTarget "pruebasMapasTests" */ = {
			isa = XCConfigurationList;
			buildConfigurations = (
				CF0AF9B3213DABD600688B21 /* Debug */,
				CF0AF9B4213DABD600688B21 /* Release */,
			);
			defaultConfigurationIsVisible = 0;
			defaultConfigurationName = Release;
		};
		CF0AF9B5213DABD600688B21 /* Build configuration list for PBXNativeTarget "pruebasMapasUITests" */ = {
			isa = XCConfigurationList;
			buildConfigurations = (
				CF0AF9B6213DABD600688B21 /* Debug */,
				CF0AF9B7213DABD600688B21 /* Release */,
			);
			defaultConfigurationIsVisible = 0;
			defaultConfigurationName = Release;
		};
/* End XCConfigurationList section */
	};
	rootObject = CF0AF97F213DABD400688B21 /* Project object */;
}
